
Microsoft Visual Studio Solution File, Format Version 12.00
# Visual Studio Version 17
VisualStudioVersion = 17.7.34221.43
MinimumVisualStudioVersion = 10.0.40219.1
Project("{9A19103F-16F7-4668-BE54-9A1E7A4F7556}") = "DocService", "DocService\DocService.csproj", "{8E13F0ED-2E43-4860-A0C1-C4136E30B5E0}"
EndProject
Project("{9A19103F-16F7-4668-BE54-9A1E7A4F7556}") = "SheduleService", "SheduleService\SheduleService.csproj", "{EF859B9B-317F-4FF0-9952-CFA1D96927D2}"
EndProject
Project("{9A19103F-16F7-4668-BE54-9A1E7A4F7556}") = "AdmissionService", "AdmissionService\AdmissionService.csproj", "{1DE53876-E92C-483D-9BD4-EC7F761D2CF7}"
EndProject
Project("{9A19103F-16F7-4668-BE54-9A1E7A4F7556}") = "SpecializationService", "SpecializationService\SpecializationService.csproj", "{4218EDF9-ABA8-4C42-BD8F-B10AE37A47D6}"
EndProject
Project("{9A19103F-16F7-4668-BE54-9A1E7A4F7556}") = "AdminService", "AdminService\AdminService.csproj", "{B32E19B7-4EFD-4CAE-91F8-54818EE5F923}"
EndProject
Project("{9A19103F-16F7-4668-BE54-9A1E7A4F7556}") = "CompositeService", "CompositeService\CompositeService.csproj", "{18C5528C-A0ED-4BB0-89F6-F92EABB50FAA}"
EndProject
Project("{9A19103F-16F7-4668-BE54-9A1E7A4F7556}") = "UserService", "UserService\UserService.csproj", "{A1ED40AA-473A-4B33-A0FE-E1D24D045562}"
EndProject
Project("{9A19103F-16F7-4668-BE54-9A1E7A4F7556}") = "PatientService", "PatientService\PatientService.csproj", "{46951D90-D629-476B-8BE0-86EC26B3E51F}"
EndProject
Project("{9A19103F-16F7-4668-BE54-9A1E7A4F7556}") = "MedicalReportService", "MedicalRepoertService\MedicalReportService.csproj", "{99F08BB2-6493-48C8-9F7D-1A521AAAACE3}"
EndProject
Project("{FAE04EC0-301F-11D3-BF4B-00C04F79EFBC}") = "ServiceMicService", "ServiceMicService\ServiceMicService.csproj", "{9FF8F7C5-6B5C-4024-8AE0-315125867A0E}"
EndProject
Global
	GlobalSection(SolutionConfigurationPlatforms) = preSolution
		Debug|Any CPU = Debug|Any CPU
		Release|Any CPU = Release|Any CPU
	EndGlobalSection
	GlobalSection(ProjectConfigurationPlatforms) = postSolution
		{8E13F0ED-2E43-4860-A0C1-C4136E30B5E0}.Debug|Any CPU.ActiveCfg = Debug|Any CPU
		{8E13F0ED-2E43-4860-A0C1-C4136E30B5E0}.Debug|Any CPU.Build.0 = Debug|Any CPU
		{8E13F0ED-2E43-4860-A0C1-C4136E30B5E0}.Release|Any CPU.ActiveCfg = Release|Any CPU
		{8E13F0ED-2E43-4860-A0C1-C4136E30B5E0}.Release|Any CPU.Build.0 = Release|Any CPU
		{EF859B9B-317F-4FF0-9952-CFA1D96927D2}.Debug|Any CPU.ActiveCfg = Debug|Any CPU
		{EF859B9B-317F-4FF0-9952-CFA1D96927D2}.Debug|Any CPU.Build.0 = Debug|Any CPU
		{EF859B9B-317F-4FF0-9952-CFA1D96927D2}.Release|Any CPU.ActiveCfg = Release|Any CPU
		{EF859B9B-317F-4FF0-9952-CFA1D96927D2}.Release|Any CPU.Build.0 = Release|Any CPU
		{1DE53876-E92C-483D-9BD4-EC7F761D2CF7}.Debug|Any CPU.ActiveCfg = Debug|Any CPU
		{1DE53876-E92C-483D-9BD4-EC7F761D2CF7}.Debug|Any CPU.Build.0 = Debug|Any CPU
		{1DE53876-E92C-483D-9BD4-EC7F761D2CF7}.Release|Any CPU.ActiveCfg = Release|Any CPU
		{1DE53876-E92C-483D-9BD4-EC7F761D2CF7}.Release|Any CPU.Build.0 = Release|Any CPU
		{4218EDF9-ABA8-4C42-BD8F-B10AE37A47D6}.Debug|Any CPU.ActiveCfg = Debug|Any CPU
		{4218EDF9-ABA8-4C42-BD8F-B10AE37A47D6}.Debug|Any CPU.Build.0 = Debug|Any CPU
		{4218EDF9-ABA8-4C42-BD8F-B10AE37A47D6}.Release|Any CPU.ActiveCfg = Release|Any CPU
		{4218EDF9-ABA8-4C42-BD8F-B10AE37A47D6}.Release|Any CPU.Build.0 = Release|Any CPU
		{B32E19B7-4EFD-4CAE-91F8-54818EE5F923}.Debug|Any CPU.ActiveCfg = Debug|Any CPU
		{B32E19B7-4EFD-4CAE-91F8-54818EE5F923}.Debug|Any CPU.Build.0 = Debug|Any CPU
		{B32E19B7-4EFD-4CAE-91F8-54818EE5F923}.Release|Any CPU.ActiveCfg = Release|Any CPU
		{B32E19B7-4EFD-4CAE-91F8-54818EE5F923}.Release|Any CPU.Build.0 = Release|Any CPU
		{18C5528C-A0ED-4BB0-89F6-F92EABB50FAA}.Debug|Any CPU.ActiveCfg = Debug|Any CPU
		{18C5528C-A0ED-4BB0-89F6-F92EABB50FAA}.Debug|Any CPU.Build.0 = Debug|Any CPU
		{18C5528C-A0ED-4BB0-89F6-F92EABB50FAA}.Release|Any CPU.ActiveCfg = Release|Any CPU
		{18C5528C-A0ED-4BB0-89F6-F92EABB50FAA}.Release|Any CPU.Build.0 = Release|Any CPU
		{A1ED40AA-473A-4B33-A0FE-E1D24D045562}.Debug|Any CPU.ActiveCfg = Debug|Any CPU
		{A1ED40AA-473A-4B33-A0FE-E1D24D045562}.Debug|Any CPU.Build.0 = Debug|Any CPU
		{A1ED40AA-473A-4B33-A0FE-E1D24D045562}.Release|Any CPU.ActiveCfg = Release|Any CPU
		{A1ED40AA-473A-4B33-A0FE-E1D24D045562}.Release|Any CPU.Build.0 = Release|Any CPU
		{46951D90-D629-476B-8BE0-86EC26B3E51F}.Debug|Any CPU.ActiveCfg = Debug|Any CPU
		{46951D90-D629-476B-8BE0-86EC26B3E51F}.Debug|Any CPU.Build.0 = Debug|Any CPU
		{46951D90-D629-476B-8BE0-86EC26B3E51F}.Release|Any CPU.ActiveCfg = Release|Any CPU
		{46951D90-D629-476B-8BE0-86EC26B3E51F}.Release|Any CPU.Build.0 = Release|Any CPU
		{99F08BB2-6493-48C8-9F7D-1A521AAAACE3}.Debug|Any CPU.ActiveCfg = Debug|Any CPU
		{99F08BB2-6493-48C8-9F7D-1A521AAAACE3}.Debug|Any CPU.Build.0 = Debug|Any CPU
		{99F08BB2-6493-48C8-9F7D-1A521AAAACE3}.Release|Any CPU.ActiveCfg = Release|Any CPU
		{99F08BB2-6493-48C8-9F7D-1A521AAAACE3}.Release|Any CPU.Build.0 = Release|Any CPU
		{9FF8F7C5-6B5C-4024-8AE0-315125867A0E}.Debug|Any CPU.ActiveCfg = Debug|Any CPU
		{9FF8F7C5-6B5C-4024-8AE0-315125867A0E}.Debug|Any CPU.Build.0 = Debug|Any CPU
		{9FF8F7C5-6B5C-4024-8AE0-315125867A0E}.Release|Any CPU.ActiveCfg = Release|Any CPU
		{9FF8F7C5-6B5C-4024-8AE0-315125867A0E}.Release|Any CPU.Build.0 = Release|Any CPU
	EndGlobalSection
	GlobalSection(SolutionProperties) = preSolution
		HideSolutionNode = FALSE
	EndGlobalSection
	GlobalSection(ExtensibilityGlobals) = postSolution
		SolutionGuid = {41497711-6838-4E1D-BE15-24E4BD8B8016}
	EndGlobalSection
EndGlobal
